
Microsoft Visual Studio Solution File, Format Version 12.00
# Visual Studio Version 16
VisualStudioVersion = 25.0.1705.0
MinimumVisualStudioVersion = 10.0.40219.1
Project("{FAE04EC0-301F-11D3-BF4B-00C04F79EFBC}") = "testAsqServer", "testAsqServer\testAsqServer.csproj", "{66CA5EC6-8FA7-4C38-A51E-84B09A37B28C}"
EndProject
Global
	GlobalSection(SolutionConfigurationPlatforms) = preSolution
		Debug|Any CPU = Debug|Any CPU
		Release|Any CPU = Release|Any CPU
	EndGlobalSection
	GlobalSection(ProjectConfigurationPlatforms) = postSolution
		{66CA5EC6-8FA7-4C38-A51E-84B09A37B28C}.Debug|Any CPU.ActiveCfg = Debug|Any CPU
		{66CA5EC6-8FA7-4C38-A51E-84B09A37B28C}.Debug|Any CPU.Build.0 = Debug|Any CPU
		{66CA5EC6-8FA7-4C38-A51E-84B09A37B28C}.Release|Any CPU.ActiveCfg = Release|Any CPU
		{66CA5EC6-8FA7-4C38-A51E-84B09A37B28C}.Release|Any CPU.Build.0 = Release|Any CPU
	EndGlobalSection
	GlobalSection(SolutionProperties) = preSolution
		HideSolutionNode = FALSE
	EndGlobalSection
	GlobalSection(ExtensibilityGlobals) = postSolution
		SolutionGuid = {54B4DB92-EA0A-4ACA-A11D-782E8179193F}
	EndGlobalSection
EndGlobal
